
Microsoft Visual Studio Solution File, Format Version 12.00
# Visual Studio Version 17
VisualStudioVersion = 17.6.33801.468
MinimumVisualStudioVersion = 10.0.40219.1
Project("{FAE04EC0-301F-11D3-BF4B-00C04F79EFBC}") = "CSVParser", "CSVParser.csproj", "{80A2B741-F997-4169-88E0-3E744004F522}"
EndProject
Global
	GlobalSection(SolutionConfigurationPlatforms) = preSolution
		Debug|Any CPU = Debug|Any CPU
		Release|Any CPU = Release|Any CPU
	EndGlobalSection
	GlobalSection(ProjectConfigurationPlatforms) = postSolution
		{80A2B741-F997-4169-88E0-3E744004F522}.Debug|Any CPU.ActiveCfg = Debug|Any CPU
		{80A2B741-F997-4169-88E0-3E744004F522}.Debug|Any CPU.Build.0 = Debug|Any CPU
		{80A2B741-F997-4169-88E0-3E744004F522}.Release|Any CPU.ActiveCfg = Release|Any CPU
		{80A2B741-F997-4169-88E0-3E744004F522}.Release|Any CPU.Build.0 = Release|Any CPU
	EndGlobalSection
	GlobalSection(SolutionProperties) = preSolution
		HideSolutionNode = FALSE
	EndGlobalSection
	GlobalSection(ExtensibilityGlobals) = postSolution
		SolutionGuid = {972B4073-5F07-4311-A292-76FAF3E7668D}
	EndGlobalSection
EndGlobal
